<Solution>
  <Project Path="Examples/ConsoleSetup/ConsoleSetup.csproj" Id="a4d16de0-2563-470f-9b18-8e9a83161157">
    <Build Solution="Release|*" Project="false" />
  </Project>
  <Project Path="MongoObject.Core/MongoObject.Core.csproj" />
  <Project Path="MongoObject.MongoDistributedLock/MongoObject.MongoDistributedLock.csproj" Id="1db37441-9b7f-48c5-87ae-a12d3ce5839c" />
  <Project Path="MongoObject.RedisDistributedLock/MongoObject.RedisDistributedLock.csproj" Id="91114b44-56bb-42a7-8c26-52693143bfed" />
  <Project Path="MongoObject.SourceGenerator/MongoObject.SourceGenerator.csproj" />
  <Project Path="MongoObject.Tests/MongoObject.Tests.csproj" Id="c4b940ba-6b8f-4aaa-9fbf-fefaf486ca5d" />
  <Project Path="Progress/Progress.csproj" Id="4f88e210-ce1f-460a-bdc1-b8d265eb5345">
    <Build Solution="Release|*" Project="false" />
  </Project>
</Solution>
